{
  "name": "ajs-node",
  "lockfileVersion": 3,
  "requires": true,
  "packages": {
    "": {
      "dependencies": {
        "@chernikov-frontend/ajs": "^1.0.0"
      }
    },
    "node_modules/@chernikov-frontend/ajs": {
      "version": "1.0.0",
      "resolved": "https://npm.pkg.github.com/download/@chernikov-frontend/ajs/1.0.0/3d24ef89e970950164f2ca61ef02b46aca5218ce",
      "integrity": "sha512-1Sz0kVqF8AZtkIDtEQgk33XG23kirq6kOB1dclEMDV2BwlYrSsPMTaI/uwGUsh4CIgmIykvKBkKDDm9/xC9uJw=="
    }
  }
}
